// !$*UTF8*$!
{
	archiveVersion = 1;
	classes = {
	};
	objectVersion = 50;
	objects = {

/* Begin PBXBuildFile section */
		C33B590C2680F2A40075600B /* Scissors__Paper__ScrewdriverApp.swift in Sources */ = {isa = PBXBuildFile; fileRef = C33B590B2680F2A40075600B /* Scissors__Paper__ScrewdriverApp.swift */; };
		C33B590E2680F2A40075600B /* ContentView.swift in Sources */ = {isa = PBXBuildFile; fileRef = C33B590D2680F2A40075600B /* ContentView.swift */; };
		C33B59102680F2AE0075600B /* Assets.xcassets in Resources */ = {isa = PBXBuildFile; fileRef = C33B590F2680F2AE0075600B /* Assets.xcassets */; };
		C33B59132680F2AE0075600B /* Preview Assets.xcassets in Resources */ = {isa = PBXBuildFile; fileRef = C33B59122680F2AE0075600B /* Preview Assets.xcassets */; };
		C33B592C26815A260075600B /* Scissors_Paper_Screwdriver.swift in Sources */ = {isa = PBXBuildFile; fileRef = C33B592B26815A260075600B /* Scissors_Paper_Screwdriver.swift */; };
		C37E5EC22682B36F0040370E /* GameChoiceView.swift in Sources */ = {isa = PBXBuildFile; fileRef = C37E5EC12682B36F0040370E /* GameChoiceView.swift */; };
/* End PBXBuildFile section */

/* Begin PBXFileReference section */
		C33B59082680F2A40075600B /* Scissors, Paper; Screwdriver.app */ = {isa = PBXFileReference; explicitFileType = wrapper.application; includeInIndex = 0; path = "Scissors, Paper; Screwdriver.app"; sourceTree = BUILT_PRODUCTS_DIR; };
		C33B590B2680F2A40075600B /* Scissors__Paper__ScrewdriverApp.swift */ = {isa = PBXFileReference; lastKnownFileType = sourcecode.swift; path = Scissors__Paper__ScrewdriverApp.swift; sourceTree = "<group>"; };
		C33B590D2680F2A40075600B /* ContentView.swift */ = {isa = PBXFileReference; lastKnownFileType = sourcecode.swift; path = ContentView.swift; sourceTree = "<group>"; };
		C33B590F2680F2AE0075600B /* Assets.xcassets */ = {isa = PBXFileReference; lastKnownFileType = folder.assetcatalog; path = Assets.xcassets; sourceTree = "<group>"; };
		C33B59122680F2AE0075600B /* Preview Assets.xcassets */ = {isa = PBXFileReference; lastKnownFileType = folder.assetcatalog; path = "Preview Assets.xcassets"; sourceTree = "<group>"; };
		C33B59142680F2AE0075600B /* Info.plist */ = {isa = PBXFileReference; lastKnownFileType = text.plist.xml; path = Info.plist; sourceTree = "<group>"; };
		C33B5920268155940075600B /* ClassTestII.playground */ = {isa = PBXFileReference; lastKnownFileType = file.playground; path = ClassTestII.playground; sourceTree = "<group>"; xcLanguageSpecificationIdentifier = xcode.lang.swift; };
		C33B592B26815A260075600B /* Scissors_Paper_Screwdriver.swift */ = {isa = PBXFileReference; fileEncoding = 4; lastKnownFileType = sourcecode.swift; path = Scissors_Paper_Screwdriver.swift; sourceTree = "<group>"; };
		C37E5EC12682B36F0040370E /* GameChoiceView.swift */ = {isa = PBXFileReference; lastKnownFileType = sourcecode.swift; path = GameChoiceView.swift; sourceTree = "<group>"; };
/* End PBXFileReference section */

/* Begin PBXFrameworksBuildPhase section */
		C33B59052680F2A40075600B /* Frameworks */ = {
			isa = PBXFrameworksBuildPhase;
			buildActionMask = 2147483647;
			files = (
			);
			runOnlyForDeploymentPostprocessing = 0;
		};
/* End PBXFrameworksBuildPhase section */

/* Begin PBXGroup section */
		C33B58FF2680F2A40075600B = {
			isa = PBXGroup;
			children = (
				C33B590A2680F2A40075600B /* Scissors, Paper; Screwdriver */,
				C33B59092680F2A40075600B /* Products */,
			);
			sourceTree = "<group>";
		};
		C33B59092680F2A40075600B /* Products */ = {
			isa = PBXGroup;
			children = (
				C33B59082680F2A40075600B /* Scissors, Paper; Screwdriver.app */,
			);
			name = Products;
			sourceTree = "<group>";
		};
		C33B590A2680F2A40075600B /* Scissors, Paper; Screwdriver */ = {
			isa = PBXGroup;
			children = (
				C33B592B26815A260075600B /* Scissors_Paper_Screwdriver.swift */,
				C33B5920268155940075600B /* ClassTestII.playground */,
				C33B59142680F2AE0075600B /* Info.plist */,
				C33B590D2680F2A40075600B /* ContentView.swift */,
				C37E5EC12682B36F0040370E /* GameChoiceView.swift */,
				C33B590B2680F2A40075600B /* Scissors__Paper__ScrewdriverApp.swift */,
				C33B590F2680F2AE0075600B /* Assets.xcassets */,
				C33B59112680F2AE0075600B /* Preview Content */,
			);
			path = "Scissors, Paper; Screwdriver";
			sourceTree = "<group>";
		};
		C33B59112680F2AE0075600B /* Preview Content */ = {
			isa = PBXGroup;
			children = (
				C33B59122680F2AE0075600B /* Preview Assets.xcassets */,
			);
			path = "Preview Content";
			sourceTree = "<group>";
		};
/* End PBXGroup section */

/* Begin PBXNativeTarget section */
		C33B59072680F2A40075600B /* Scissors, Paper; Screwdriver */ = {
			isa = PBXNativeTarget;
			buildConfigurationList = C33B59172680F2AE0075600B /* Build configuration list for PBXNativeTarget "Scissors, Paper; Screwdriver" */;
			buildPhases = (
				C33B59042680F2A40075600B /* Sources */,
				C33B59052680F2A40075600B /* Frameworks */,
				C33B59062680F2A40075600B /* Resources */,
			);
			buildRules = (
			);
			dependencies = (
			);
			name = "Scissors, Paper; Screwdriver";
			productName = "Scissors, Paper; Screwdriver";
			productReference = C33B59082680F2A40075600B /* Scissors, Paper; Screwdriver.app */;
			productType = "com.apple.product-type.application";
		};
/* End PBXNativeTarget section */

/* Begin PBXProject section */
		C33B59002680F2A40075600B /* Project object */ = {
			isa = PBXProject;
			attributes = {
				LastSwiftUpdateCheck = 1240;
				LastUpgradeCheck = 1240;
				TargetAttributes = {
					C33B59072680F2A40075600B = {
						CreatedOnToolsVersion = 12.4;
					};
				};
			};
			buildConfigurationList = C33B59032680F2A40075600B /* Build configuration list for PBXProject "Scissors, Paper; Screwdriver" */;
			compatibilityVersion = "Xcode 9.3";
			developmentRegion = en;
			hasScannedForEncodings = 0;
			knownRegions = (
				en,
				Base,
			);
			mainGroup = C33B58FF2680F2A40075600B;
			productRefGroup = C33B59092680F2A40075600B /* Products */;
			projectDirPath = "";
			projectRoot = "";
			targets = (
				C33B59072680F2A40075600B /* Scissors, Paper; Screwdriver */,
			);
		};
/* End PBXProject section */

/* Begin PBXResourcesBuildPhase section */
		C33B59062680F2A40075600B /* Resources */ = {
			isa = PBXResourcesBuildPhase;
			buildActionMask = 2147483647;
			files = (
				C33B59132680F2AE0075600B /* Preview Assets.xcassets in Resources */,
				C33B59102680F2AE0075600B /* Assets.xcassets in Resources */,
			);
			runOnlyForDeploymentPostprocessing = 0;
		};
/* End PBXResourcesBuildPhase section */

/* Begin PBXSourcesBuildPhase section */
		C33B59042680F2A40075600B /* Sources */ = {
			isa = PBXSourcesBuildPhase;
			buildActionMask = 2147483647;
			files = (
				C33B590E2680F2A40075600B /* ContentView.swift in Sources */,
				C33B590C2680F2A40075600B /* Scissors__Paper__ScrewdriverApp.swift in Sources */,
				C33B592C26815A260075600B /* Scissors_Paper_Screwdriver.swift in Sources */,
				C37E5EC22682B36F0040370E /* GameChoiceView.swift in Sources */,
			);
			runOnlyForDeploymentPostprocessing = 0;
		};
/* End PBXSourcesBuildPhase section */

/* Begin XCBuildConfiguration section */
		C33B59152680F2AE0075600B /* Debug */ = {
			isa = XCBuildConfiguration;
			buildSettings = {
				ALWAYS_SEARCH_USER_PATHS = NO;
				CLANG_ANALYZER_NONNULL = YES;
				CLANG_ANALYZER_NUMBER_OBJECT_CONVERSION = YES_AGGRESSIVE;
				CLANG_CXX_LANGUAGE_STANDARD = "gnu++14";
				CLANG_CXX_LIBRARY = "libc++";
				CLANG_ENABLE_MODULES = YES;
				CLANG_ENABLE_OBJC_ARC = YES;
				CLANG_ENABLE_OBJC_WEAK = YES;
				CLANG_WARN_BLOCK_CAPTURE_AUTORELEASING = YES;
				CLANG_WARN_BOOL_CONVERSION = YES;
				CLANG_WARN_COMMA = YES;
				CLANG_WARN_CONSTANT_CONVERSION = YES;
				CLANG_WARN_DEPRECATED_OBJC_IMPLEMENTATIONS = YES;
				CLANG_WARN_DIRECT_OBJC_ISA_USAGE = YES_ERROR;
				CLANG_WARN_DOCUMENTATION_COMMENTS = YES;
				CLANG_WARN_EMPTY_BODY = YES;
				CLANG_WARN_ENUM_CONVERSION = YES;
				CLANG_WARN_INFINITE_RECURSION = YES;
				CLANG_WARN_INT_CONVERSION = YES;
				CLANG_WARN_NON_LITERAL_NULL_CONVERSION = YES;
				CLANG_WARN_OBJC_IMPLICIT_RETAIN_SELF = YES;
				CLANG_WARN_OBJC_LITERAL_CONVERSION = YES;
				CLANG_WARN_OBJC_ROOT_CLASS = YES_ERROR;
				CLANG_WARN_QUOTED_INCLUDE_IN_FRAMEWORK_HEADER = YES;
				CLANG_WARN_RANGE_LOOP_ANALYSIS = YES;
				CLANG_WARN_STRICT_PROTOTYPES = YES;
				CLANG_WARN_SUSPICIOUS_MOVE = YES;
				CLANG_WARN_UNGUARDED_AVAILABILITY = YES_AGGRESSIVE;
				CLANG_WARN_UNREACHABLE_CODE = YES;
				CLANG_WARN__DUPLICATE_METHOD_MATCH = YES;
				COPY_PHASE_STRIP = NO;
				DEBUG_INFORMATION_FORMAT = dwarf;
				ENABLE_STRICT_OBJC_MSGSEND = YES;
				ENABLE_TESTABILITY = YES;
				GCC_C_LANGUAGE_STANDARD = gnu11;
				GCC_DYNAMIC_NO_PIC = NO;
				GCC_NO_COMMON_BLOCKS = YES;
				GCC_OPTIMIZATION_LEVEL = 0;
				GCC_PREPROCESSOR_DEFINITIONS = (
					"DEBUG=1",
					"$(inherited)",
				);
				GCC_WARN_64_TO_32_BIT_CONVERSION = YES;
				GCC_WARN_ABOUT_RETURN_TYPE = YES_ERROR;
				GCC_WARN_UNDECLARED_SELECTOR = YES;
				GCC_WARN_UNINITIALIZED_AUTOS = YES_AGGRESSIVE;
				GCC_WARN_UNUSED_FUNCTION = YES;
				GCC_WARN_UNUSED_VARIABLE = YES;
				IPHONEOS_DEPLOYMENT_TARGET = 14.4;
				MTL_ENABLE_DEBUG_INFO = INCLUDE_SOURCE;
				MTL_FAST_MATH = YES;
				ONLY_ACTIVE_ARCH = YES;
				SDKROOT = iphoneos;
				SWIFT_ACTIVE_COMPILATION_CONDITIONS = DEBUG;
				SWIFT_OPTIMIZATION_LEVEL = "-Onone";
			};
			name = Debug;
		};
		C33B59162680F2AE0075600B /* Release */ = {
			isa = XCBuildConfiguration;
			buildSettings = {
				ALWAYS_SEARCH_USER_PATHS = NO;
				CLANG_ANALYZER_NONNULL = YES;
				CLANG_ANALYZER_NUMBER_OBJECT_CONVERSION = YES_AGGRESSIVE;
				CLANG_CXX_LANGUAGE_STANDARD = "gnu++14";
				CLANG_CXX_LIBRARY = "libc++";
				CLANG_ENABLE_MODULES = YES;
				CLANG_ENABLE_OBJC_ARC = YES;
				CLANG_ENABLE_OBJC_WEAK = YES;
				CLANG_WARN_BLOCK_CAPTURE_AUTORELEASING = YES;
				CLANG_WARN_BOOL_CONVERSION = YES;
				CLANG_WARN_COMMA = YES;
				CLANG_WARN_CONSTANT_CONVERSION = YES;
				CLANG_WARN_DEPRECATED_OBJC_IMPLEMENTATIONS = YES;
				CLANG_WARN_DIRECT_OBJC_ISA_USAGE = YES_ERROR;
				CLANG_WARN_DOCUMENTATION_COMMENTS = YES;
				CLANG_WARN_EMPTY_BODY = YES;
				CLANG_WARN_ENUM_CONVERSION = YES;
				CLANG_WARN_INFINITE_RECURSION = YES;
				CLANG_WARN_INT_CONVERSION = YES;
				CLANG_WARN_NON_LITERAL_NULL_CONVERSION = YES;
				CLANG_WARN_OBJC_IMPLICIT_RETAIN_SELF = YES;
				CLANG_WARN_OBJC_LITERAL_CONVERSION = YES;
				CLANG_WARN_OBJC_ROOT_CLASS = YES_ERROR;
				CLANG_WARN_QUOTED_INCLUDE_IN_FRAMEWORK_HEADER = YES;
				CLANG_WARN_RANGE_LOOP_ANALYSIS = YES;
				CLANG_WARN_STRICT_PROTOTYPES = YES;
				CLANG_WARN_SUSPICIOUS_MOVE = YES;
				CLANG_WARN_UNGUARDED_AVAILABILITY = YES_AGGRESSIVE;
				CLANG_WARN_UNREACHABLE_CODE = YES;
				CLANG_WARN__DUPLICATE_METHOD_MATCH = YES;
				COPY_PHASE_STRIP = NO;
				DEBUG_INFORMATION_FORMAT = "dwarf-with-dsym";
				ENABLE_NS_ASSERTIONS = NO;
				ENABLE_STRICT_OBJC_MSGSEND = YES;
				GCC_C_LANGUAGE_STANDARD = gnu11;
				GCC_NO_COMMON_BLOCKS = YES;
				GCC_WARN_64_TO_32_BIT_CONVERSION = YES;
				GCC_WARN_ABOUT_RETURN_TYPE = YES_ERROR;
				GCC_WARN_UNDECLARED_SELECTOR = YES;
				GCC_WARN_UNINITIALIZED_AUTOS = YES_AGGRESSIVE;
				GCC_WARN_UNUSED_FUNCTION = YES;
				GCC_WARN_UNUSED_VARIABLE = YES;
				IPHONEOS_DEPLOYMENT_TARGET = 14.4;
				MTL_ENABLE_DEBUG_INFO = NO;
				MTL_FAST_MATH = YES;
				SDKROOT = iphoneos;
				SWIFT_COMPILATION_MODE = wholemodule;
				SWIFT_OPTIMIZATION_LEVEL = "-O";
				VALIDATE_PRODUCT = YES;
			};
			name = Release;
		};
		C33B59182680F2AE0075600B /* Debug */ = {
			isa = XCBuildConfiguration;
			buildSettings = {
				ASSETCATALOG_COMPILER_APPICON_NAME = AppIcon;
				ASSETCATALOG_COMPILER_GLOBAL_ACCENT_COLOR_NAME = AccentColor;
				CODE_SIGN_STYLE = Automatic;
				DEVELOPMENT_ASSET_PATHS = "\"Scissors, Paper; Screwdriver/Preview Content\"";
				DEVELOPMENT_TEAM = 4BG2W96MNL;
				ENABLE_PREVIEWS = YES;
				INFOPLIST_FILE = "Scissors, Paper; Screwdriver/Info.plist";
				IPHONEOS_DEPLOYMENT_TARGET = 14.0;
				LD_RUNPATH_SEARCH_PATHS = (
					"$(inherited)",
					"@executable_path/Frameworks",
				);
				PRODUCT_BUNDLE_IDENTIFIER = "com.codewithWalther.Scissors--Paper--Screwdriver";
				PRODUCT_NAME = "$(TARGET_NAME)";
				SWIFT_VERSION = 5.0;
				TARGETED_DEVICE_FAMILY = "1,2";
			};
			name = Debug;
		};
		C33B59192680F2AE0075600B /* Release */ = {
			isa = XCBuildConfiguration;
			buildSettings = {
				ASSETCATALOG_COMPILER_APPICON_NAME = AppIcon;
				ASSETCATALOG_COMPILER_GLOBAL_ACCENT_COLOR_NAME = AccentColor;
				CODE_SIGN_STYLE = Automatic;
				DEVELOPMENT_ASSET_PATHS = "\"Scissors, Paper; Screwdriver/Preview Content\"";
				DEVELOPMENT_TEAM = 4BG2W96MNL;
				ENABLE_PREVIEWS = YES;
				INFOPLIST_FILE = "Scissors, Paper; Screwdriver/Info.plist";
				IPHONEOS_DEPLOYMENT_TARGET = 14.0;
				LD_RUNPATH_SEARCH_PATHS = (
					"$(inherited)",
					"@executable_path/Frameworks",
				);
				PRODUCT_BUNDLE_IDENTIFIER = "com.codewithWalther.Scissors--Paper--Screwdriver";
				PRODUCT_NAME = "$(TARGET_NAME)";
				SWIFT_VERSION = 5.0;
				TARGETED_DEVICE_FAMILY = "1,2";
			};
			name = Release;
		};
/* End XCBuildConfiguration section */

/* Begin XCConfigurationList section */
		C33B59032680F2A40075600B /* Build configuration list for PBXProject "Scissors, Paper; Screwdriver" */ = {
			isa = XCConfigurationList;
			buildConfigurations = (
				C33B59152680F2AE0075600B /* Debug */,
				C33B59162680F2AE0075600B /* Release */,
			);
			defaultConfigurationIsVisible = 0;
			defaultConfigurationName = Release;
		};
		C33B59172680F2AE0075600B /* Build configuration list for PBXNativeTarget "Scissors, Paper; Screwdriver" */ = {
			isa = XCConfigurationList;
			buildConfigurations = (
				C33B59182680F2AE0075600B /* Debug */,
				C33B59192680F2AE0075600B /* Release */,
			);
			defaultConfigurationIsVisible = 0;
			defaultConfigurationName = Release;
		};
/* End XCConfigurationList section */
	};
	rootObject = C33B59002680F2A40075600B /* Project object */;
}
